
Microsoft Visual Studio Solution File, Format Version 12.00
# Visual Studio Version 16
VisualStudioVersion = 16.0.30804.86
MinimumVisualStudioVersion = 10.0.40219.1
Project("{8BC9CEB8-8B4A-11D0-8D11-00A0C91BC942}") = "DarkNebula", "DarkNebula\DarkNebula.vcxproj", "{E5ECA4BD-9432-473C-9CE6-BA4A22969784}"
EndProject
Project("{8BC9CEB8-8B4A-11D0-8D11-00A0C91BC942}") = "test", "test\test.vcxproj", "{0740BA18-4E8E-4C80-9A50-FCFD11DD1D2C}"
EndProject
Project("{FAE04EC0-301F-11D3-BF4B-00C04F79EFBC}") = "SharpTest", "SharpTest\SharpTest.csproj", "{637EBE5B-88E4-4FE6-B500-F8DD81F96DB6}"
EndProject
Project("{FAE04EC0-301F-11D3-BF4B-00C04F79EFBC}") = "DarkNebulaSharp", "DarkNebulaSharp\DarkNebulaSharp.csproj", "{1CAE608D-42C4-477F-ABD8-4A2D0CF5B683}"
EndProject
Global
	GlobalSection(SolutionConfigurationPlatforms) = preSolution
		Debug|Any CPU = Debug|Any CPU
		Debug|x64 = Debug|x64
		Debug|x86 = Debug|x86
		Release|Any CPU = Release|Any CPU
		Release|x64 = Release|x64
		Release|x86 = Release|x86
	EndGlobalSection
	GlobalSection(ProjectConfigurationPlatforms) = postSolution
		{E5ECA4BD-9432-473C-9CE6-BA4A22969784}.Debug|Any CPU.ActiveCfg = Debug|Win32
		{E5ECA4BD-9432-473C-9CE6-BA4A22969784}.Debug|x64.ActiveCfg = Debug|x64
		{E5ECA4BD-9432-473C-9CE6-BA4A22969784}.Debug|x64.Build.0 = Debug|x64
		{E5ECA4BD-9432-473C-9CE6-BA4A22969784}.Debug|x86.ActiveCfg = Debug|Win32
		{E5ECA4BD-9432-473C-9CE6-BA4A22969784}.Debug|x86.Build.0 = Debug|Win32
		{E5ECA4BD-9432-473C-9CE6-BA4A22969784}.Release|Any CPU.ActiveCfg = Release|Win32
		{E5ECA4BD-9432-473C-9CE6-BA4A22969784}.Release|x64.ActiveCfg = Release|x64
		{E5ECA4BD-9432-473C-9CE6-BA4A22969784}.Release|x64.Build.0 = Release|x64
		{E5ECA4BD-9432-473C-9CE6-BA4A22969784}.Release|x86.ActiveCfg = Release|Win32
		{E5ECA4BD-9432-473C-9CE6-BA4A22969784}.Release|x86.Build.0 = Release|Win32
		{0740BA18-4E8E-4C80-9A50-FCFD11DD1D2C}.Debug|Any CPU.ActiveCfg = Debug|Win32
		{0740BA18-4E8E-4C80-9A50-FCFD11DD1D2C}.Debug|x64.ActiveCfg = Debug|x64
		{0740BA18-4E8E-4C80-9A50-FCFD11DD1D2C}.Debug|x64.Build.0 = Debug|x64
		{0740BA18-4E8E-4C80-9A50-FCFD11DD1D2C}.Debug|x86.ActiveCfg = Debug|Win32
		{0740BA18-4E8E-4C80-9A50-FCFD11DD1D2C}.Debug|x86.Build.0 = Debug|Win32
		{0740BA18-4E8E-4C80-9A50-FCFD11DD1D2C}.Release|Any CPU.ActiveCfg = Release|Win32
		{0740BA18-4E8E-4C80-9A50-FCFD11DD1D2C}.Release|x64.ActiveCfg = Release|x64
		{0740BA18-4E8E-4C80-9A50-FCFD11DD1D2C}.Release|x64.Build.0 = Release|x64
		{0740BA18-4E8E-4C80-9A50-FCFD11DD1D2C}.Release|x86.ActiveCfg = Release|Win32
		{0740BA18-4E8E-4C80-9A50-FCFD11DD1D2C}.Release|x86.Build.0 = Release|Win32
		{637EBE5B-88E4-4FE6-B500-F8DD81F96DB6}.Debug|Any CPU.ActiveCfg = Debug|Any CPU
		{637EBE5B-88E4-4FE6-B500-F8DD81F96DB6}.Debug|Any CPU.Build.0 = Debug|Any CPU
		{637EBE5B-88E4-4FE6-B500-F8DD81F96DB6}.Debug|x64.ActiveCfg = Debug|Any CPU
		{637EBE5B-88E4-4FE6-B500-F8DD81F96DB6}.Debug|x64.Build.0 = Debug|Any CPU
		{637EBE5B-88E4-4FE6-B500-F8DD81F96DB6}.Debug|x86.ActiveCfg = Debug|Any CPU
		{637EBE5B-88E4-4FE6-B500-F8DD81F96DB6}.Debug|x86.Build.0 = Debug|Any CPU
		{637EBE5B-88E4-4FE6-B500-F8DD81F96DB6}.Release|Any CPU.ActiveCfg = Release|Any CPU
		{637EBE5B-88E4-4FE6-B500-F8DD81F96DB6}.Release|Any CPU.Build.0 = Release|Any CPU
		{637EBE5B-88E4-4FE6-B500-F8DD81F96DB6}.Release|x64.ActiveCfg = Release|Any CPU
		{637EBE5B-88E4-4FE6-B500-F8DD81F96DB6}.Release|x64.Build.0 = Release|Any CPU
		{637EBE5B-88E4-4FE6-B500-F8DD81F96DB6}.Release|x86.ActiveCfg = Release|Any CPU
		{637EBE5B-88E4-4FE6-B500-F8DD81F96DB6}.Release|x86.Build.0 = Release|Any CPU
		{1CAE608D-42C4-477F-ABD8-4A2D0CF5B683}.Debug|Any CPU.ActiveCfg = Debug|Any CPU
		{1CAE608D-42C4-477F-ABD8-4A2D0CF5B683}.Debug|Any CPU.Build.0 = Debug|Any CPU
		{1CAE608D-42C4-477F-ABD8-4A2D0CF5B683}.Debug|x64.ActiveCfg = Debug|Any CPU
		{1CAE608D-42C4-477F-ABD8-4A2D0CF5B683}.Debug|x64.Build.0 = Debug|Any CPU
		{1CAE608D-42C4-477F-ABD8-4A2D0CF5B683}.Debug|x86.ActiveCfg = Debug|Any CPU
		{1CAE608D-42C4-477F-ABD8-4A2D0CF5B683}.Debug|x86.Build.0 = Debug|Any CPU
		{1CAE608D-42C4-477F-ABD8-4A2D0CF5B683}.Release|Any CPU.ActiveCfg = Release|Any CPU
		{1CAE608D-42C4-477F-ABD8-4A2D0CF5B683}.Release|Any CPU.Build.0 = Release|Any CPU
		{1CAE608D-42C4-477F-ABD8-4A2D0CF5B683}.Release|x64.ActiveCfg = Release|Any CPU
		{1CAE608D-42C4-477F-ABD8-4A2D0CF5B683}.Release|x64.Build.0 = Release|Any CPU
		{1CAE608D-42C4-477F-ABD8-4A2D0CF5B683}.Release|x86.ActiveCfg = Release|Any CPU
		{1CAE608D-42C4-477F-ABD8-4A2D0CF5B683}.Release|x86.Build.0 = Release|Any CPU
	EndGlobalSection
	GlobalSection(SolutionProperties) = preSolution
		HideSolutionNode = FALSE
	EndGlobalSection
	GlobalSection(ExtensibilityGlobals) = postSolution
		SolutionGuid = {821C3AA7-CF3C-451B-94E3-22B29447D80D}
	EndGlobalSection
EndGlobal
